
Microsoft Visual Studio Solution File, Format Version 12.00
# Visual Studio Version 16
VisualStudioVersion = 16.0.33801.447
MinimumVisualStudioVersion = 10.0.40219.1
Project("{FAE04EC0-301F-11D3-BF4B-00C04F79EFBC}") = "WebAppliationAPI", "WebAppliationAPI\WebAppliationAPI.csproj", "{0ADD97C9-C2DA-4529-B15F-36BC7C36464E}"
EndProject
Global
	GlobalSection(SolutionConfigurationPlatforms) = preSolution
		Debug|Any CPU = Debug|Any CPU
		Release|Any CPU = Release|Any CPU
	EndGlobalSection
	GlobalSection(ProjectConfigurationPlatforms) = postSolution
		{0ADD97C9-C2DA-4529-B15F-36BC7C36464E}.Debug|Any CPU.ActiveCfg = Debug|Any CPU
		{0ADD97C9-C2DA-4529-B15F-36BC7C36464E}.Debug|Any CPU.Build.0 = Debug|Any CPU
		{0ADD97C9-C2DA-4529-B15F-36BC7C36464E}.Release|Any CPU.ActiveCfg = Release|Any CPU
		{0ADD97C9-C2DA-4529-B15F-36BC7C36464E}.Release|Any CPU.Build.0 = Release|Any CPU
	EndGlobalSection
	GlobalSection(SolutionProperties) = preSolution
		HideSolutionNode = FALSE
	EndGlobalSection
	GlobalSection(ExtensibilityGlobals) = postSolution
		SolutionGuid = {7935D463-EB38-47BF-9E42-DCEF9B187064}
	EndGlobalSection
EndGlobal
